
Microsoft Visual Studio Solution File, Format Version 12.00
# Visual Studio Version 17
VisualStudioVersion = 17.6.33829.357
MinimumVisualStudioVersion = 10.0.40219.1
Project("{FAE04EC0-301F-11D3-BF4B-00C04F79EFBC}") = "ContactControl", "ContactControl\ContactControl.csproj", "{90752C2F-9ED5-4934-A0D7-3E0EE7F5A37D}"
EndProject
Global
	GlobalSection(SolutionConfigurationPlatforms) = preSolution
		Debug|Any CPU = Debug|Any CPU
		Release|Any CPU = Release|Any CPU
	EndGlobalSection
	GlobalSection(ProjectConfigurationPlatforms) = postSolution
		{90752C2F-9ED5-4934-A0D7-3E0EE7F5A37D}.Debug|Any CPU.ActiveCfg = Debug|Any CPU
		{90752C2F-9ED5-4934-A0D7-3E0EE7F5A37D}.Debug|Any CPU.Build.0 = Debug|Any CPU
		{90752C2F-9ED5-4934-A0D7-3E0EE7F5A37D}.Release|Any CPU.ActiveCfg = Release|Any CPU
		{90752C2F-9ED5-4934-A0D7-3E0EE7F5A37D}.Release|Any CPU.Build.0 = Release|Any CPU
	EndGlobalSection
	GlobalSection(SolutionProperties) = preSolution
		HideSolutionNode = FALSE
	EndGlobalSection
	GlobalSection(ExtensibilityGlobals) = postSolution
		SolutionGuid = {1CCBA6CF-6C8C-45B3-B25F-8905B318D11D}
	EndGlobalSection
EndGlobal
